
Microsoft Visual Studio Solution File, Format Version 12.00
Project("{FAE04EC0-301F-11D3-BF4B-00C04F79EFBC}") = "test_Yung-Ching_project", "test_Yung-Ching_project\test_Yung-Ching_project.csproj", "{A6AD8167-730F-431F-ACB7-2CBB506CABFB}"
EndProject
Project("{FAE04EC0-301F-11D3-BF4B-00C04F79EFBC}") = "UnitTest", "UnitTest\UnitTest.csproj", "{C2E40BD6-E9F8-449D-86FD-2F92ADA950D7}"
EndProject
Global
	GlobalSection(SolutionConfigurationPlatforms) = preSolution
		Debug|Any CPU = Debug|Any CPU
		Release|Any CPU = Release|Any CPU
	EndGlobalSection
	GlobalSection(ProjectConfigurationPlatforms) = postSolution
		{A6AD8167-730F-431F-ACB7-2CBB506CABFB}.Debug|Any CPU.ActiveCfg = Debug|Any CPU
		{A6AD8167-730F-431F-ACB7-2CBB506CABFB}.Debug|Any CPU.Build.0 = Debug|Any CPU
		{A6AD8167-730F-431F-ACB7-2CBB506CABFB}.Release|Any CPU.ActiveCfg = Release|Any CPU
		{A6AD8167-730F-431F-ACB7-2CBB506CABFB}.Release|Any CPU.Build.0 = Release|Any CPU
		{C2E40BD6-E9F8-449D-86FD-2F92ADA950D7}.Debug|Any CPU.ActiveCfg = Debug|Any CPU
		{C2E40BD6-E9F8-449D-86FD-2F92ADA950D7}.Debug|Any CPU.Build.0 = Debug|Any CPU
		{C2E40BD6-E9F8-449D-86FD-2F92ADA950D7}.Release|Any CPU.ActiveCfg = Release|Any CPU
		{C2E40BD6-E9F8-449D-86FD-2F92ADA950D7}.Release|Any CPU.Build.0 = Release|Any CPU
	EndGlobalSection
EndGlobal
